<?xml version="1.0" encoding="utf-8"?>
<Project ToolsVersion="4.0" xmlns="http://schemas.microsoft.com/developer/msbuild/2003">
  <ItemGroup>
    <Filter Include="Source Files">
      <UniqueIdentifier>{4FC737F1-C7A5-4376-A066-2A32D752A2FF}</UniqueIdentifier>
      <Extensions>cpp;c;cc;cxx;def;odl;idl;hpj;bat;asm;asmx</Extensions>
    </Filter>
    <Filter Include="Header Files">
      <UniqueIdentifier>{93995380-89BD-4b04-88EB-625FBE52EBFB}</UniqueIdentifier>
      <Extensions>h;hh;hpp;hxx;hm;inl;inc;xsd</Extensions>
    </Filter>
    <Filter Include="Resource Files">
      <UniqueIdentifier>{67DA6AB6-F800-4c08-8B7A-83BB121AAD01}</UniqueIdentifier>
      <Extensions>rc;ico;cur;bmp;dlg;rc2;rct;bin;rgs;gif;jpg;jpeg;jpe;resx;tiff;tif;png;wav;mfcribbon-ms</Extensions>
    </Filter>
    <Filter Include="Header Files\GameObject">
      <UniqueIdentifier>{5783397e-48fb-4d06-abf7-4fe3dab64aa4}</UniqueIdentifier>
    </Filter>
    <Filter Include="Source Files\GameObject">
      <UniqueIdentifier>{e7e786fc-d12f-4c78-91fb-a9797d7c9df3}</UniqueIdentifier>
    </Filter>
    <Filter Include="Header Files\GameState">
      <UniqueIdentifier>{0b9e6be6-86ae-499a-845a-5dda90104604}</UniqueIdentifier>
    </Filter>
    <Filter Include="Source Files\GameState">
      <UniqueIdentifier>{23b8faec-cbfd-48d2-9a7b-6372b3c30620}</UniqueIdentifier>
    </Filter>
    <Filter Include="Header Files\Manager">
      <UniqueIdentifier>{9c489ab6-8049-441a-98d3-a9278e7ea43b}</UniqueIdentifier>
    </Filter>
    <Filter Include="Source Files\Manager">
      <UniqueIdentifier>{8c4d6523-877e-4cea-9916-7b835f90b368}</UniqueIdentifier>
    </Filter>
    <Filter Include="Header Files\Events">
      <UniqueIdentifier>{3caa59df-4f62-4fa3-a7e7-73b67aefe3dc}</UniqueIdentifier>
    </Filter>
    <Filter Include="Source Files\Events">
      <UniqueIdentifier>{d912d049-4a53-48ee-8614-63152bd6b896}</UniqueIdentifier>
    </Filter>
    <Filter Include="Header Files\FinalFrontier">
      <UniqueIdentifier>{8692ebd8-a9ac-4d87-81b5-4d34fcc1e681}</UniqueIdentifier>
    </Filter>
    <Filter Include="Header Files\Math">
      <UniqueIdentifier>{118b7071-b610-45c5-9d0f-65951e0ea0d4}</UniqueIdentifier>
    </Filter>
    <Filter Include="Header Files\Debug">
      <UniqueIdentifier>{cd3d31b9-9b0a-482c-bce4-b5d5d44ca8af}</UniqueIdentifier>
    </Filter>
    <Filter Include="Header Files\Map">
      <UniqueIdentifier>{f0620fac-5f15-4cd5-b348-63739377a2ad}</UniqueIdentifier>
    </Filter>
    <Filter Include="Source Files\Map">
      <UniqueIdentifier>{994ca089-a1dc-4209-99af-7a68f0854a8e}</UniqueIdentifier>
    </Filter>
    <Filter Include="Source Files\Debug">
      <UniqueIdentifier>{d4df0f6b-52bc-4aab-bfb8-5b1edcfdd9aa}</UniqueIdentifier>
    </Filter>
    <Filter Include="Header Files\Animations">
      <UniqueIdentifier>{d52c7289-76c8-4772-94f4-1ede5995915b}</UniqueIdentifier>
    </Filter>
    <Filter Include="Source Files\Animations">
      <UniqueIdentifier>{06ab3e91-e435-4694-853d-d496d0686ad2}</UniqueIdentifier>
    </Filter>
    <Filter Include="Source Files\PowerUp">
      <UniqueIdentifier>{728d62a7-9c27-4d09-a49a-9dc689ad1feb}</UniqueIdentifier>
    </Filter>
    <Filter Include="Header Files\PowerUp">
      <UniqueIdentifier>{cb7610ee-3043-42e5-afd4-cdc2c5de51c2}</UniqueIdentifier>
    </Filter>
  </ItemGroup>
  <ItemGroup>
    <ClInclude Include="../src/stdafx.h">
      <Filter>Header Files</Filter>
    </ClInclude>
    <ClInclude Include="..\src\Game.hpp">
      <Filter>Header Files</Filter>
    </ClInclude>
    <ClInclude Include="..\src\GameObject.hpp">
      <Filter>Header Files\GameObject</Filter>
    </ClInclude>
    <ClInclude Include="..\src\MenuState.hpp">
      <Filter>Header Files\GameState</Filter>
    </ClInclude>
    <ClInclude Include="..\src\MainState.hpp">
      <Filter>Header Files\GameState</Filter>
    </ClInclude>
    <ClInclude Include="..\src\GameStateManager.hpp">
      <Filter>Header Files\GameState</Filter>
    </ClInclude>
    <ClInclude Include="..\src\IComponent.hpp">
      <Filter>Header Files\GameObject</Filter>
    </ClInclude>
    <ClInclude Include="..\src\IRenderComponent.hpp">
      <Filter>Header Files\GameObject</Filter>
    </ClInclude>
    <ClInclude Include="..\src\SpriteRenderComponent.hpp">
      <Filter>Header Files\GameObject</Filter>
    </ClInclude>
    <ClInclude Include="..\src\GameState.hpp">
      <Filter>Header Files\GameState</Filter>
    </ClInclude>
    <ClInclude Include="..\src\CameraRenderComponent.hpp">
      <Filter>Header Files\GameObject</Filter>
    </ClInclude>
    <ClInclude Include="..\src\PlayerMoveComponent.hpp">
      <Filter>Header Files\GameObject</Filter>
    </ClInclude>
    <ClInclude Include="..\src\TileLayerRenderComponent.hpp">
      <Filter>Header Files\GameObject</Filter>
    </ClInclude>
    <ClInclude Include="..\src\SpriteManager.hpp">
      <Filter>Header Files\Manager</Filter>
    </ClInclude>
    <ClInclude Include="..\src\GameObjectManager.hpp">
      <Filter>Header Files\Manager</Filter>
    </ClInclude>
    <ClInclude Include="..\src\InputManager.hpp">
      <Filter>Header Files\Manager</Filter>
    </ClInclude>
    <ClInclude Include="..\src\RigidBodyComponent.hpp">
      <Filter>Header Files\GameObject</Filter>
    </ClInclude>
    <ClInclude Include="..\src\PhysicsManager.hpp">
      <Filter>Header Files\Manager</Filter>
    </ClInclude>
    <ClInclude Include="..\src\EventBus.hpp">
      <Filter>Header Files\Events</Filter>
    </ClInclude>
    <ClInclude Include="..\src\IEvent.hpp">
      <Filter>Header Files\Events</Filter>
    </ClInclude>
    <ClInclude Include="..\src\GameObjectEvents.hpp">
      <Filter>Header Files\Events</Filter>
    </ClInclude>
    <ClInclude Include="..\src\PhysicsComponentEvents.hpp">
      <Filter>Header Files\Events</Filter>
    </ClInclude>
    <ClInclude Include="..\src\RenderComponentEvents.hpp">
      <Filter>Header Files\Events</Filter>
    </ClInclude>
    <ClInclude Include="..\src\FinalFrontier\dll_export.hpp">
      <Filter>Header Files\FinalFrontier</Filter>
    </ClInclude>
    <ClInclude Include="..\src\VectorAlgebra3D.h">
      <Filter>Header Files\Math</Filter>
    </ClInclude>
    <ClInclude Include="..\src\Trigonometry.h">
      <Filter>Header Files\Math</Filter>
    </ClInclude>
    <ClInclude Include="..\src\VectorAlgebra2D.h">
      <Filter>Header Files\Math</Filter>
    </ClInclude>
    <ClInclude Include="..\src\TileMapLoader.hpp">
      <Filter>Header Files\Map</Filter>
    </ClInclude>
    <ClInclude Include="..\src\FPS.hpp">
      <Filter>Header Files\Debug</Filter>
    </ClInclude>
    <ClInclude Include="..\src\DebugDraw.hpp">
      <Filter>Header Files\Debug</Filter>
    </ClInclude>
    <ClInclude Include="..\src\Debug.hpp">
      <Filter>Header Files\Debug</Filter>
    </ClInclude>
    <ClInclude Include="..\src\Tileson.hpp">
      <Filter>Header Files\Map</Filter>
    </ClInclude>
    <ClInclude Include="..\src\TransformAnimationComponent.hpp">
      <Filter>Header Files\Animations</Filter>
    </ClInclude>
    <ClInclude Include="..\src\TransformAnimationConstantMotion.hpp">
      <Filter>Header Files\Animations</Filter>
    </ClInclude>
    <ClInclude Include="..\src\TransformAnimationSmoothFollow.hpp">
      <Filter>Header Files\Animations</Filter>
    </ClInclude>
    <ClInclude Include="..\src\ITransformAnimation.hpp">
      <Filter>Header Files\Animations</Filter>
    </ClInclude>
    <ClInclude Include="..\src\IAnimationComponent.hpp">
      <Filter>Header Files\Animations</Filter>
    </ClInclude>
    <ClInclude Include="..\src\PointsComponent.hpp">
      <Filter>Header Files\GameObject</Filter>
    </ClInclude>
    <ClInclude Include="..\src\ObjectFactory.hpp">
      <Filter>Header Files\Map</Filter>
    </ClInclude>
    <ClInclude Include="..\src\ColliderComponent.hpp">
      <Filter>Header Files\GameObject</Filter>
    </ClInclude>
    <ClInclude Include="..\src\PlayerHealthComponent.hpp">
      <Filter>Header Files\GameObject</Filter>
    </ClInclude>
    <ClInclude Include="..\src\Animation.hpp">
      <Filter>Header Files\Animations</Filter>
    </ClInclude>
    <ClInclude Include="..\src\AnimatedSprite.hpp">
      <Filter>Header Files\Animations</Filter>
    </ClInclude>
    <ClInclude Include="..\src\AIMovementComponent.hpp">
      <Filter>Header Files\GameObject</Filter>
    </ClInclude>
    <ClInclude Include="..\src\TransformComponent.hpp">
      <Filter>Header Files\GameObject</Filter>
    </ClInclude>
    <ClInclude Include="..\src\EndState.hpp">
      <Filter>Header Files\GameState</Filter>
    </ClInclude>
    <ClInclude Include="..\src\PowerUpManager.hpp">
      <Filter>Header Files\Manager</Filter>
    </ClInclude>
    <ClInclude Include="..\src\HealthPowerUpComponent.hpp">
      <Filter>Header Files\PowerUp</Filter>
    </ClInclude>
    <ClInclude Include="..\src\PointsComponent2.hpp">
      <Filter>Header Files\PowerUp</Filter>
    </ClInclude>
    <ClInclude Include="..\src\IPowerUpComponent.hpp">
      <Filter>Header Files\PowerUp</Filter>
    </ClInclude>
  </ItemGroup>
  <ItemGroup>
    <ClCompile Include="../src/stdafx.cpp">
      <Filter>Source Files</Filter>
    </ClCompile>
    <ClCompile Include="../src/main.cpp">
      <Filter>Source Files</Filter>
    </ClCompile>
    <ClCompile Include="../src/Game.cpp">
      <Filter>Source Files</Filter>
    </ClCompile>
    <ClCompile Include="../src/GameObject.cpp">
      <Filter>Source Files\GameObject</Filter>
    </ClCompile>
    <ClCompile Include="../src/GameStateManager.cpp">
      <Filter>Source Files\GameState</Filter>
    </ClCompile>
    <ClCompile Include="../src/MainState.cpp">
      <Filter>Source Files\GameState</Filter>
    </ClCompile>
    <ClCompile Include="../src/MenuState.cpp">
      <Filter>Source Files\GameState</Filter>
    </ClCompile>
    <ClCompile Include="..\src\SpriteRenderComponent.cpp">
      <Filter>Source Files\GameObject</Filter>
    </ClCompile>
    <ClCompile Include="..\src\CameraRenderComponent.cpp">
      <Filter>Source Files\GameObject</Filter>
    </ClCompile>
    <ClCompile Include="..\src\PlayerMoveComponent.cpp">
      <Filter>Source Files\GameObject</Filter>
    </ClCompile>
    <ClCompile Include="../src/TileLayerRenderComponent.cpp">
      <Filter>Source Files\GameObject</Filter>
    </ClCompile>
    <ClCompile Include="..\src\GameObjectManager.cpp">
      <Filter>Source Files\Manager</Filter>
    </ClCompile>
    <ClCompile Include="../src/InputManager.cpp">
      <Filter>Source Files\Manager</Filter>
    </ClCompile>
    <ClCompile Include="..\src\SpriteManager.cpp">
      <Filter>Source Files\Manager</Filter>
    </ClCompile>
    <ClCompile Include="..\src\RigidBodyComponent.cpp">
      <Filter>Source Files\GameObject</Filter>
    </ClCompile>
    <ClCompile Include="..\src\PhysicsManager.cpp">
      <Filter>Source Files\Manager</Filter>
    </ClCompile>
    <ClCompile Include="..\src\EventBus.cpp">
      <Filter>Source Files\Events</Filter>
    </ClCompile>
    <ClCompile Include="..\src\GameObjectEvents.cpp">
      <Filter>Source Files\Events</Filter>
    </ClCompile>
    <ClCompile Include="..\src\RenderComponentEvents.cpp">
      <Filter>Source Files\Events</Filter>
    </ClCompile>
    <ClCompile Include="..\src\PhysicsComponentEvents.cpp">
      <Filter>Source Files\Events</Filter>
    </ClCompile>
    <ClCompile Include="..\src\DebugDraw.cpp">
      <Filter>Source Files\Debug</Filter>
    </ClCompile>
    <ClCompile Include="..\src\TileMapLoader.cpp">
      <Filter>Source Files\Map</Filter>
    </ClCompile>
    <ClCompile Include="..\src\TransformAnimationConstantMotion.cpp">
      <Filter>Source Files\Animations</Filter>
    </ClCompile>
    <ClCompile Include="..\src\TransformAnimationComponent.cpp">
      <Filter>Source Files\Animations</Filter>
    </ClCompile>
    <ClCompile Include="..\src\TransformAnimationSmoothFollow.cpp">
      <Filter>Source Files\Animations</Filter>
    </ClCompile>
    <ClCompile Include="..\src\PointsComponent.cpp">
      <Filter>Source Files\GameObject</Filter>
    </ClCompile>
    <ClCompile Include="..\src\ObjectFactory.cpp">
      <Filter>Source Files\Map</Filter>
    </ClCompile>
    <ClCompile Include="..\src\ColliderComponent.cpp">
      <Filter>Source Files\GameObject</Filter>
    </ClCompile>
    <ClCompile Include="..\src\PlayerHealthComponent.cpp">
      <Filter>Source Files\GameObject</Filter>
    </ClCompile>
    <ClCompile Include="..\src\Animation.cpp">
      <Filter>Source Files\Animations</Filter>
    </ClCompile>
    <ClCompile Include="..\src\AnimatedSprite.cpp">
      <Filter>Source Files\Animations</Filter>
    </ClCompile>
    <ClCompile Include="..\src\AIMovementComponent.cpp">
      <Filter>Source Files\GameObject</Filter>
    </ClCompile>
    <ClCompile Include="..\src\TransformComponent.cpp">
      <Filter>Source Files\GameObject</Filter>
    </ClCompile>
    <ClCompile Include="..\src\EndState.cpp">
      <Filter>Source Files\GameState</Filter>
    </ClCompile>
    <ClCompile Include="..\src\PowerUpManager.cpp">
      <Filter>Source Files\Manager</Filter>
    </ClCompile>
    <ClCompile Include="..\src\HealthPowerUpComponent.cpp">
      <Filter>Source Files\PowerUp</Filter>
    </ClCompile>
    <ClCompile Include="..\src\PointsComponent2.cpp">
      <Filter>Source Files\PowerUp</Filter>
    </ClCompile>
    <ClCompile Include="..\src\IPowerUpComponent.cpp">
      <Filter>Source Files\PowerUp</Filter>
    </ClCompile>
  </ItemGroup>
  <ItemGroup>
    <None Include="..\src\VectorAlgebra3D.inl">
      <Filter>Header Files\Math</Filter>
    </None>
    <None Include="..\src\VectorAlgebra2D.inl">
      <Filter>Header Files\Math</Filter>
    </None>
  </ItemGroup>
</Project>